{
    "_meta": {
        "hash": {
            "sha256": "cf9edde3ab9ab8ada6b27ad5c37993b87993767294defe427378df0ff576a5ee"
        },
        "pipfile-spec": 6,
        "requires": {
            "python_version": "3"
        },
        "sources": [
            {
                "name": "pypi",
                "url": "https://pypi.org/simple",
                "verify_ssl": true
            }
        ]
    },
    "default": {
        "crispy-forms-semantic-ui": {
            "hashes": [
                "sha256:17416a8918e4eb6804974aedc4f91822e079ba724a80a971949a6322473b4cb7",
                "sha256:cd7f6696b74fd793ba4b49f653b83b5de5b160d6407ad0ce90ebfb36b061bfed"
            ],
            "index": "pypi",
            "version": "==0.2.0"
        },
        "django": {
            "hashes": [
                "sha256:16a5d54411599780ac9dfe3b9b38f90f785c51259a584e0b24b6f14a7f69aae8",
                "sha256:9a2f98211ab474c710fcdad29c82f30fc14ce9917c7a70c3682162a624de4035"
            ],
            "index": "pypi",
            "version": "==2.2.4"
        },
        "django-crispy-forms": {
            "hashes": [
                "sha256:5952bab971110d0b86c278132dae0aa095beee8f723e625c3d3fa28888f1675f",
                "sha256:705ededc554ad8736157c666681165fe22ead2dec0d5446d65fc9dd976a5a876"
            ],
            "index": "pypi",
            "version": "==1.7.2"
        },
        "django-environ": {
            "hashes": [
                "sha256:6c9d87660142608f63ec7d5ce5564c49b603ea8ff25da595fd6098f6dc82afde",
                "sha256:c57b3c11ec1f319d9474e3e5a79134f40174b17c7cc024bbb2fad84646b120c4"
            ],
            "index": "pypi",
            "version": "==0.4.5"
        },
        "django-filter": {
            "hashes": [
                "sha256:558c727bce3ffa89c4a7a0b13bc8976745d63e5fd576b3a9a851650ef11c401b",
                "sha256:c3deb57f0dd7ff94d7dce52a047516822013e2b441bed472b722a317658cfd14"
            ],
            "index": "pypi",
            "version": "==2.2.0"
        },
        "django-simple-menu": {
            "hashes": [
                "sha256:55358f10cc24cb990411819f43a0ab84007a1ea5b2c8ad22ace51aa88183e579",
                "sha256:9bf5b87d1ead1ac6d4588c623be276fc87a4382424bbe564a574d8959d1f03bd"
            ],
            "index": "pypi",
            "version": "==1.2.1"
        },
        "django-tables2": {
            "hashes": [
                "sha256:cdecbb14206e7f5edcde73b3796a0eb5c583c63e170b7356aeac14ae9e4a3314",
                "sha256:ef8449a8ff3c3b13cd33c79b74cb2b24428a21e75176aa267a035a9d053abd36"
            ],
            "index": "pypi",
            "version": "==2.1.0"
        },
        "pytz": {
            "hashes": [
                "sha256:26c0b32e437e54a18161324a2fca3c4b9846b74a8dccddd843113109e1116b32",
                "sha256:c894d57500a4cd2d5c71114aaab77dbab5eabd9022308ce5ac9bb93a60a6f0c7"
            ],
            "version": "==2019.2"
        },
        "sqlparse": {
            "hashes": [
                "sha256:40afe6b8d4b1117e7dff5504d7a8ce07d9a1b15aeeade8a2d10f130a834f8177",
                "sha256:7c3dca29c022744e95b547e867cee89f4fce4373f3549ccd8797d8eb52cdb873"
            ],
            "version": "==0.3.0"
        },
        "whitenoise": {
            "hashes": [
                "sha256:59d880d25d0e90bcc6554fe0504a11195bd2e59b3d690b6fb42a8040d4e67ef5",
                "sha256:c9b7c47fdc1dba4d37bf2787a01a844dc7a521e174fcd22a2d429e0be65e1782"
            ],
            "index": "pypi",
            "version": "==4.1.3"
        }
    },
    "develop": {
        "django": {
            "hashes": [
                "sha256:16a5d54411599780ac9dfe3b9b38f90f785c51259a584e0b24b6f14a7f69aae8",
                "sha256:9a2f98211ab474c710fcdad29c82f30fc14ce9917c7a70c3682162a624de4035"
            ],
            "index": "pypi",
            "version": "==2.2.4"
        },
        "django-debug-toolbar": {
            "hashes": [
                "sha256:17c53cd6bf4e7d69902aedf9a1d26c5d3b7369b54c5718744704f27b5a72f35d",
                "sha256:9a23ada2e43cd989195db3c18710b5d7451134a0d48127ab64c1d2ad81700342"
            ],
            "index": "pypi",
            "version": "==2.0"
        },
        "pytz": {
            "hashes": [
                "sha256:26c0b32e437e54a18161324a2fca3c4b9846b74a8dccddd843113109e1116b32",
                "sha256:c894d57500a4cd2d5c71114aaab77dbab5eabd9022308ce5ac9bb93a60a6f0c7"
            ],
            "version": "==2019.2"
        },
        "sqlparse": {
            "hashes": [
                "sha256:40afe6b8d4b1117e7dff5504d7a8ce07d9a1b15aeeade8a2d10f130a834f8177",
                "sha256:7c3dca29c022744e95b547e867cee89f4fce4373f3549ccd8797d8eb52cdb873"
            ],
            "version": "==0.3.0"
        }
    }
}
